
Microsoft Visual Studio Solution File, Format Version 12.00
# Visual Studio 15
VisualStudioVersion = 15.0.27004.2009
MinimumVisualStudioVersion = 10.0.40219.1
Project("{2150E333-8FDC-42A3-9474-1A3956D46DE8}") = "src", "src", "{078F8211-0371-49F8-86D6-08E8EFF98474}"
EndProject
Project("{2150E333-8FDC-42A3-9474-1A3956D46DE8}") = "Solution Items", "Solution Items", "{3256BB2A-4674-4F12-A72F-F480C16FA18C}"
EndProject
Project("{9A19103F-16F7-4668-BE54-9A1E7A4F7556}") = "MangaSurvWebApi", "src\MangaSurvWebApi\MangaSurvWebApi.csproj", "{CA201577-58CF-41A8-899D-4F4DEBAC25D0}"
EndProject
Global
	GlobalSection(SolutionConfigurationPlatforms) = preSolution
		Debug|Any CPU = Debug|Any CPU
		Release|Any CPU = Release|Any CPU
	EndGlobalSection
	GlobalSection(ProjectConfigurationPlatforms) = postSolution
		{CA201577-58CF-41A8-899D-4F4DEBAC25D0}.Debug|Any CPU.ActiveCfg = Debug|Any CPU
		{CA201577-58CF-41A8-899D-4F4DEBAC25D0}.Debug|Any CPU.Build.0 = Debug|Any CPU
		{CA201577-58CF-41A8-899D-4F4DEBAC25D0}.Release|Any CPU.ActiveCfg = Release|Any CPU
		{CA201577-58CF-41A8-899D-4F4DEBAC25D0}.Release|Any CPU.Build.0 = Release|Any CPU
	EndGlobalSection
	GlobalSection(SolutionProperties) = preSolution
		HideSolutionNode = FALSE
	EndGlobalSection
	GlobalSection(NestedProjects) = preSolution
		{CA201577-58CF-41A8-899D-4F4DEBAC25D0} = {078F8211-0371-49F8-86D6-08E8EFF98474}
	EndGlobalSection
	GlobalSection(ExtensibilityGlobals) = postSolution
		SolutionGuid = {9362A64F-6162-4B9C-93DE-66BF32FD91EE}
	EndGlobalSection
EndGlobal
